// !$*UTF8*$!
{
	archiveVersion = 1;
	classes = {
	};
	objectVersion = 56;
	objects = {

/* Begin PBXBuildFile section */
		74057A85299BF1E70038B501 /* AppDelegate.swift in Sources */ = {isa = PBXBuildFile; fileRef = 74057A84299BF1E70038B501 /* AppDelegate.swift */; };
		74057A87299BF1E70038B501 /* SceneDelegate.swift in Sources */ = {isa = PBXBuildFile; fileRef = 74057A86299BF1E70038B501 /* SceneDelegate.swift */; };
		74057A89299BF1E70038B501 /* ViewController.swift in Sources */ = {isa = PBXBuildFile; fileRef = 74057A88299BF1E70038B501 /* ViewController.swift */; };
		74057A8C299BF1E70038B501 /* Main.storyboard in Resources */ = {isa = PBXBuildFile; fileRef = 74057A8A299BF1E70038B501 /* Main.storyboard */; };
		74057A91299BF1F00038B501 /* LaunchScreen.storyboard in Resources */ = {isa = PBXBuildFile; fileRef = 74057A8F299BF1F00038B501 /* LaunchScreen.storyboard */; };
		74057A99299C00E40038B501 /* Assets.xcassets in Resources */ = {isa = PBXBuildFile; fileRef = 74057A98299C00E40038B501 /* Assets.xcassets */; };
		74561187299CC72000CFD524 /* screenshot.png in Resources */ = {isa = PBXBuildFile; fileRef = 74561186299CC72000CFD524 /* screenshot.png */; };
		7486F372299C8B550056CCDC /* CatFactsBrain.swift in Sources */ = {isa = PBXBuildFile; fileRef = 7486F371299C8B550056CCDC /* CatFactsBrain.swift */; };
/* End PBXBuildFile section */

/* Begin PBXFileReference section */
		74057A81299BF1E70038B501 /* Cat Facts.app */ = {isa = PBXFileReference; explicitFileType = wrapper.application; includeInIndex = 0; path = "Cat Facts.app"; sourceTree = BUILT_PRODUCTS_DIR; };
		74057A84299BF1E70038B501 /* AppDelegate.swift */ = {isa = PBXFileReference; lastKnownFileType = sourcecode.swift; path = AppDelegate.swift; sourceTree = "<group>"; };
		74057A86299BF1E70038B501 /* SceneDelegate.swift */ = {isa = PBXFileReference; lastKnownFileType = sourcecode.swift; path = SceneDelegate.swift; sourceTree = "<group>"; };
		74057A88299BF1E70038B501 /* ViewController.swift */ = {isa = PBXFileReference; lastKnownFileType = sourcecode.swift; path = ViewController.swift; sourceTree = "<group>"; };
		74057A8B299BF1E70038B501 /* Base */ = {isa = PBXFileReference; lastKnownFileType = file.storyboard; name = Base; path = Base.lproj/Main.storyboard; sourceTree = "<group>"; };
		74057A90299BF1F00038B501 /* Base */ = {isa = PBXFileReference; lastKnownFileType = file.storyboard; name = Base; path = Base.lproj/LaunchScreen.storyboard; sourceTree = "<group>"; };
		74057A92299BF1F00038B501 /* Info.plist */ = {isa = PBXFileReference; lastKnownFileType = text.plist.xml; path = Info.plist; sourceTree = "<group>"; };
		74057A98299C00E40038B501 /* Assets.xcassets */ = {isa = PBXFileReference; lastKnownFileType = folder.assetcatalog; path = Assets.xcassets; sourceTree = "<group>"; };
		74561185299CC44C00CFD524 /* README.md */ = {isa = PBXFileReference; lastKnownFileType = net.daringfireball.markdown; path = README.md; sourceTree = "<group>"; };
		74561186299CC72000CFD524 /* screenshot.png */ = {isa = PBXFileReference; lastKnownFileType = image.png; name = screenshot.png; path = ../../../../../Documents/screenshot.png; sourceTree = "<group>"; };
		7486F371299C8B550056CCDC /* CatFactsBrain.swift */ = {isa = PBXFileReference; lastKnownFileType = sourcecode.swift; path = CatFactsBrain.swift; sourceTree = "<group>"; };
/* End PBXFileReference section */

/* Begin PBXFrameworksBuildPhase section */
		74057A7E299BF1E70038B501 /* Frameworks */ = {
			isa = PBXFrameworksBuildPhase;
			buildActionMask = 2147483647;
			files = (
			);
			runOnlyForDeploymentPostprocessing = 0;
		};
/* End PBXFrameworksBuildPhase section */

/* Begin PBXGroup section */
		74057A78299BF1E70038B501 = {
			isa = PBXGroup;
			children = (
				74561185299CC44C00CFD524 /* README.md */,
				74561186299CC72000CFD524 /* screenshot.png */,
				74057A83299BF1E70038B501 /* Cat Facts */,
				74057A82299BF1E70038B501 /* Products */,
			);
			sourceTree = "<group>";
		};
		74057A82299BF1E70038B501 /* Products */ = {
			isa = PBXGroup;
			children = (
				74057A81299BF1E70038B501 /* Cat Facts.app */,
			);
			name = Products;
			sourceTree = "<group>";
		};
		74057A83299BF1E70038B501 /* Cat Facts */ = {
			isa = PBXGroup;
			children = (
				7486F370299C8B220056CCDC /* Controller */,
				7486F36F299C8B1C0056CCDC /* View */,
				7486F36E299C8B120056CCDC /* Model */,
				74057A98299C00E40038B501 /* Assets.xcassets */,
				74057A84299BF1E70038B501 /* AppDelegate.swift */,
				74057A86299BF1E70038B501 /* SceneDelegate.swift */,
				74057A8F299BF1F00038B501 /* LaunchScreen.storyboard */,
				74057A92299BF1F00038B501 /* Info.plist */,
			);
			path = "Cat Facts";
			sourceTree = "<group>";
		};
		7486F36E299C8B120056CCDC /* Model */ = {
			isa = PBXGroup;
			children = (
				7486F371299C8B550056CCDC /* CatFactsBrain.swift */,
			);
			path = Model;
			sourceTree = "<group>";
		};
		7486F36F299C8B1C0056CCDC /* View */ = {
			isa = PBXGroup;
			children = (
				74057A8A299BF1E70038B501 /* Main.storyboard */,
			);
			path = View;
			sourceTree = "<group>";
		};
		7486F370299C8B220056CCDC /* Controller */ = {
			isa = PBXGroup;
			children = (
				74057A88299BF1E70038B501 /* ViewController.swift */,
			);
			path = Controller;
			sourceTree = "<group>";
		};
/* End PBXGroup section */

/* Begin PBXNativeTarget section */
		74057A80299BF1E70038B501 /* Cat Facts */ = {
			isa = PBXNativeTarget;
			buildConfigurationList = 74057A95299BF1F00038B501 /* Build configuration list for PBXNativeTarget "Cat Facts" */;
			buildPhases = (
				74057A7D299BF1E70038B501 /* Sources */,
				74057A7E299BF1E70038B501 /* Frameworks */,
				74057A7F299BF1E70038B501 /* Resources */,
			);
			buildRules = (
			);
			dependencies = (
			);
			name = "Cat Facts";
			productName = "Cat Facts";
			productReference = 74057A81299BF1E70038B501 /* Cat Facts.app */;
			productType = "com.apple.product-type.application";
		};
/* End PBXNativeTarget section */

/* Begin PBXProject section */
		74057A79299BF1E70038B501 /* Project object */ = {
			isa = PBXProject;
			attributes = {
				BuildIndependentTargetsInParallel = 1;
				LastSwiftUpdateCheck = 1420;
				LastUpgradeCheck = 1420;
				TargetAttributes = {
					74057A80299BF1E70038B501 = {
						CreatedOnToolsVersion = 14.2;
					};
				};
			};
			buildConfigurationList = 74057A7C299BF1E70038B501 /* Build configuration list for PBXProject "Cat Facts" */;
			compatibilityVersion = "Xcode 14.0";
			developmentRegion = en;
			hasScannedForEncodings = 0;
			knownRegions = (
				en,
				Base,
			);
			mainGroup = 74057A78299BF1E70038B501;
			productRefGroup = 74057A82299BF1E70038B501 /* Products */;
			projectDirPath = "";
			projectRoot = "";
			targets = (
				74057A80299BF1E70038B501 /* Cat Facts */,
			);
		};
/* End PBXProject section */

/* Begin PBXResourcesBuildPhase section */
		74057A7F299BF1E70038B501 /* Resources */ = {
			isa = PBXResourcesBuildPhase;
			buildActionMask = 2147483647;
			files = (
				74561187299CC72000CFD524 /* screenshot.png in Resources */,
				74057A91299BF1F00038B501 /* LaunchScreen.storyboard in Resources */,
				74057A99299C00E40038B501 /* Assets.xcassets in Resources */,
				74057A8C299BF1E70038B501 /* Main.storyboard in Resources */,
			);
			runOnlyForDeploymentPostprocessing = 0;
		};
/* End PBXResourcesBuildPhase section */

/* Begin PBXSourcesBuildPhase section */
		74057A7D299BF1E70038B501 /* Sources */ = {
			isa = PBXSourcesBuildPhase;
			buildActionMask = 2147483647;
			files = (
				74057A89299BF1E70038B501 /* ViewController.swift in Sources */,
				74057A85299BF1E70038B501 /* AppDelegate.swift in Sources */,
				74057A87299BF1E70038B501 /* SceneDelegate.swift in Sources */,
				7486F372299C8B550056CCDC /* CatFactsBrain.swift in Sources */,
			);
			runOnlyForDeploymentPostprocessing = 0;
		};
/* End PBXSourcesBuildPhase section */

/* Begin PBXVariantGroup section */
		74057A8A299BF1E70038B501 /* Main.storyboard */ = {
			isa = PBXVariantGroup;
			children = (
				74057A8B299BF1E70038B501 /* Base */,
			);
			name = Main.storyboard;
			sourceTree = "<group>";
		};
		74057A8F299BF1F00038B501 /* LaunchScreen.storyboard */ = {
			isa = PBXVariantGroup;
			children = (
				74057A90299BF1F00038B501 /* Base */,
			);
			name = LaunchScreen.storyboard;
			sourceTree = "<group>";
		};
/* End PBXVariantGroup section */

/* Begin XCBuildConfiguration section */
		74057A93299BF1F00038B501 /* Debug */ = {
			isa = XCBuildConfiguration;
			buildSettings = {
				ALWAYS_SEARCH_USER_PATHS = NO;
				CLANG_ANALYZER_NONNULL = YES;
				CLANG_ANALYZER_NUMBER_OBJECT_CONVERSION = YES_AGGRESSIVE;
				CLANG_CXX_LANGUAGE_STANDARD = "gnu++20";
				CLANG_ENABLE_MODULES = YES;
				CLANG_ENABLE_OBJC_ARC = YES;
				CLANG_ENABLE_OBJC_WEAK = YES;
				CLANG_WARN_BLOCK_CAPTURE_AUTORELEASING = YES;
				CLANG_WARN_BOOL_CONVERSION = YES;
				CLANG_WARN_COMMA = YES;
				CLANG_WARN_CONSTANT_CONVERSION = YES;
				CLANG_WARN_DEPRECATED_OBJC_IMPLEMENTATIONS = YES;
				CLANG_WARN_DIRECT_OBJC_ISA_USAGE = YES_ERROR;
				CLANG_WARN_DOCUMENTATION_COMMENTS = YES;
				CLANG_WARN_EMPTY_BODY = YES;
				CLANG_WARN_ENUM_CONVERSION = YES;
				CLANG_WARN_INFINITE_RECURSION = YES;
				CLANG_WARN_INT_CONVERSION = YES;
				CLANG_WARN_NON_LITERAL_NULL_CONVERSION = YES;
				CLANG_WARN_OBJC_IMPLICIT_RETAIN_SELF = YES;
				CLANG_WARN_OBJC_LITERAL_CONVERSION = YES;
				CLANG_WARN_OBJC_ROOT_CLASS = YES_ERROR;
				CLANG_WARN_QUOTED_INCLUDE_IN_FRAMEWORK_HEADER = YES;
				CLANG_WARN_RANGE_LOOP_ANALYSIS = YES;
				CLANG_WARN_STRICT_PROTOTYPES = YES;
				CLANG_WARN_SUSPICIOUS_MOVE = YES;
				CLANG_WARN_UNGUARDED_AVAILABILITY = YES_AGGRESSIVE;
				CLANG_WARN_UNREACHABLE_CODE = YES;
				CLANG_WARN__DUPLICATE_METHOD_MATCH = YES;
				COPY_PHASE_STRIP = NO;
				DEBUG_INFORMATION_FORMAT = dwarf;
				ENABLE_STRICT_OBJC_MSGSEND = YES;
				ENABLE_TESTABILITY = YES;
				GCC_C_LANGUAGE_STANDARD = gnu11;
				GCC_DYNAMIC_NO_PIC = NO;
				GCC_NO_COMMON_BLOCKS = YES;
				GCC_OPTIMIZATION_LEVEL = 0;
				GCC_PREPROCESSOR_DEFINITIONS = (
					"DEBUG=1",
					"$(inherited)",
				);
				GCC_WARN_64_TO_32_BIT_CONVERSION = YES;
				GCC_WARN_ABOUT_RETURN_TYPE = YES_ERROR;
				GCC_WARN_UNDECLARED_SELECTOR = YES;
				GCC_WARN_UNINITIALIZED_AUTOS = YES_AGGRESSIVE;
				GCC_WARN_UNUSED_FUNCTION = YES;
				GCC_WARN_UNUSED_VARIABLE = YES;
				IPHONEOS_DEPLOYMENT_TARGET = 16.2;
				MTL_ENABLE_DEBUG_INFO = INCLUDE_SOURCE;
				MTL_FAST_MATH = YES;
				ONLY_ACTIVE_ARCH = YES;
				SDKROOT = iphoneos;
				SWIFT_ACTIVE_COMPILATION_CONDITIONS = DEBUG;
				SWIFT_OPTIMIZATION_LEVEL = "-Onone";
			};
			name = Debug;
		};
		74057A94299BF1F00038B501 /* Release */ = {
			isa = XCBuildConfiguration;
			buildSettings = {
				ALWAYS_SEARCH_USER_PATHS = NO;
				CLANG_ANALYZER_NONNULL = YES;
				CLANG_ANALYZER_NUMBER_OBJECT_CONVERSION = YES_AGGRESSIVE;
				CLANG_CXX_LANGUAGE_STANDARD = "gnu++20";
				CLANG_ENABLE_MODULES = YES;
				CLANG_ENABLE_OBJC_ARC = YES;
				CLANG_ENABLE_OBJC_WEAK = YES;
				CLANG_WARN_BLOCK_CAPTURE_AUTORELEASING = YES;
				CLANG_WARN_BOOL_CONVERSION = YES;
				CLANG_WARN_COMMA = YES;
				CLANG_WARN_CONSTANT_CONVERSION = YES;
				CLANG_WARN_DEPRECATED_OBJC_IMPLEMENTATIONS = YES;
				CLANG_WARN_DIRECT_OBJC_ISA_USAGE = YES_ERROR;
				CLANG_WARN_DOCUMENTATION_COMMENTS = YES;
				CLANG_WARN_EMPTY_BODY = YES;
				CLANG_WARN_ENUM_CONVERSION = YES;
				CLANG_WARN_INFINITE_RECURSION = YES;
				CLANG_WARN_INT_CONVERSION = YES;
				CLANG_WARN_NON_LITERAL_NULL_CONVERSION = YES;
				CLANG_WARN_OBJC_IMPLICIT_RETAIN_SELF = YES;
				CLANG_WARN_OBJC_LITERAL_CONVERSION = YES;
				CLANG_WARN_OBJC_ROOT_CLASS = YES_ERROR;
				CLANG_WARN_QUOTED_INCLUDE_IN_FRAMEWORK_HEADER = YES;
				CLANG_WARN_RANGE_LOOP_ANALYSIS = YES;
				CLANG_WARN_STRICT_PROTOTYPES = YES;
				CLANG_WARN_SUSPICIOUS_MOVE = YES;
				CLANG_WARN_UNGUARDED_AVAILABILITY = YES_AGGRESSIVE;
				CLANG_WARN_UNREACHABLE_CODE = YES;
				CLANG_WARN__DUPLICATE_METHOD_MATCH = YES;
				COPY_PHASE_STRIP = NO;
				DEBUG_INFORMATION_FORMAT = "dwarf-with-dsym";
				ENABLE_NS_ASSERTIONS = NO;
				ENABLE_STRICT_OBJC_MSGSEND = YES;
				GCC_C_LANGUAGE_STANDARD = gnu11;
				GCC_NO_COMMON_BLOCKS = YES;
				GCC_WARN_64_TO_32_BIT_CONVERSION = YES;
				GCC_WARN_ABOUT_RETURN_TYPE = YES_ERROR;
				GCC_WARN_UNDECLARED_SELECTOR = YES;
				GCC_WARN_UNINITIALIZED_AUTOS = YES_AGGRESSIVE;
				GCC_WARN_UNUSED_FUNCTION = YES;
				GCC_WARN_UNUSED_VARIABLE = YES;
				IPHONEOS_DEPLOYMENT_TARGET = 16.2;
				MTL_ENABLE_DEBUG_INFO = NO;
				MTL_FAST_MATH = YES;
				SDKROOT = iphoneos;
				SWIFT_COMPILATION_MODE = wholemodule;
				SWIFT_OPTIMIZATION_LEVEL = "-O";
				VALIDATE_PRODUCT = YES;
			};
			name = Release;
		};
		74057A96299BF1F00038B501 /* Debug */ = {
			isa = XCBuildConfiguration;
			buildSettings = {
				ASSETCATALOG_COMPILER_APPICON_NAME = AppIcon;
				ASSETCATALOG_COMPILER_GLOBAL_ACCENT_COLOR_NAME = AccentColor;
				CODE_SIGN_STYLE = Automatic;
				CURRENT_PROJECT_VERSION = 1;
				DEVELOPMENT_TEAM = QU8K7VX6B7;
				GENERATE_INFOPLIST_FILE = YES;
				INFOPLIST_FILE = "Cat Facts/Info.plist";
				INFOPLIST_KEY_UIApplicationSupportsIndirectInputEvents = YES;
				INFOPLIST_KEY_UILaunchStoryboardName = LaunchScreen;
				INFOPLIST_KEY_UIMainStoryboardFile = Main;
				INFOPLIST_KEY_UISupportedInterfaceOrientations_iPad = "UIInterfaceOrientationPortrait UIInterfaceOrientationPortraitUpsideDown UIInterfaceOrientationLandscapeLeft UIInterfaceOrientationLandscapeRight";
				INFOPLIST_KEY_UISupportedInterfaceOrientations_iPhone = "UIInterfaceOrientationPortrait UIInterfaceOrientationLandscapeLeft UIInterfaceOrientationLandscapeRight";
				LD_RUNPATH_SEARCH_PATHS = (
					"$(inherited)",
					"@executable_path/Frameworks",
				);
				MARKETING_VERSION = 1.0;
				PRODUCT_BUNDLE_IDENTIFIER = "com.spartagarant.Cat-Facts";
				PRODUCT_NAME = "$(TARGET_NAME)";
				SWIFT_EMIT_LOC_STRINGS = YES;
				SWIFT_VERSION = 5.0;
				TARGETED_DEVICE_FAMILY = "1,2";
			};
			name = Debug;
		};
		74057A97299BF1F00038B501 /* Release */ = {
			isa = XCBuildConfiguration;
			buildSettings = {
				ASSETCATALOG_COMPILER_APPICON_NAME = AppIcon;
				ASSETCATALOG_COMPILER_GLOBAL_ACCENT_COLOR_NAME = AccentColor;
				CODE_SIGN_STYLE = Automatic;
				CURRENT_PROJECT_VERSION = 1;
				DEVELOPMENT_TEAM = QU8K7VX6B7;
				GENERATE_INFOPLIST_FILE = YES;
				INFOPLIST_FILE = "Cat Facts/Info.plist";
				INFOPLIST_KEY_UIApplicationSupportsIndirectInputEvents = YES;
				INFOPLIST_KEY_UILaunchStoryboardName = LaunchScreen;
				INFOPLIST_KEY_UIMainStoryboardFile = Main;
				INFOPLIST_KEY_UISupportedInterfaceOrientations_iPad = "UIInterfaceOrientationPortrait UIInterfaceOrientationPortraitUpsideDown UIInterfaceOrientationLandscapeLeft UIInterfaceOrientationLandscapeRight";
				INFOPLIST_KEY_UISupportedInterfaceOrientations_iPhone = "UIInterfaceOrientationPortrait UIInterfaceOrientationLandscapeLeft UIInterfaceOrientationLandscapeRight";
				LD_RUNPATH_SEARCH_PATHS = (
					"$(inherited)",
					"@executable_path/Frameworks",
				);
				MARKETING_VERSION = 1.0;
				PRODUCT_BUNDLE_IDENTIFIER = "com.spartagarant.Cat-Facts";
				PRODUCT_NAME = "$(TARGET_NAME)";
				SWIFT_EMIT_LOC_STRINGS = YES;
				SWIFT_VERSION = 5.0;
				TARGETED_DEVICE_FAMILY = "1,2";
			};
			name = Release;
		};
/* End XCBuildConfiguration section */

/* Begin XCConfigurationList section */
		74057A7C299BF1E70038B501 /* Build configuration list for PBXProject "Cat Facts" */ = {
			isa = XCConfigurationList;
			buildConfigurations = (
				74057A93299BF1F00038B501 /* Debug */,
				74057A94299BF1F00038B501 /* Release */,
			);
			defaultConfigurationIsVisible = 0;
			defaultConfigurationName = Release;
		};
		74057A95299BF1F00038B501 /* Build configuration list for PBXNativeTarget "Cat Facts" */ = {
			isa = XCConfigurationList;
			buildConfigurations = (
				74057A96299BF1F00038B501 /* Debug */,
				74057A97299BF1F00038B501 /* Release */,
			);
			defaultConfigurationIsVisible = 0;
			defaultConfigurationName = Release;
		};
/* End XCConfigurationList section */
	};
	rootObject = 74057A79299BF1E70038B501 /* Project object */;
}
